
Microsoft Visual Studio Solution File, Format Version 12.00
# Visual Studio Version 17
VisualStudioVersion = 17.9.34723.18
MinimumVisualStudioVersion = 10.0.40219.1
Project("{9A19103F-16F7-4668-BE54-9A1E7A4F7556}") = "Dependencies", "Dependencies.csproj", "{3D9396C4-0E11-4EB3-9B9F-0D39E64DC70B}"
EndProject
Project("{9A19103F-16F7-4668-BE54-9A1E7A4F7556}") = "Tests", "Tests\Tests.csproj", "{5C707CD1-81D9-4E1E-8DEA-660DA3E67B04}"
EndProject
Global
	GlobalSection(SolutionConfigurationPlatforms) = preSolution
		Debug|Any CPU = Debug|Any CPU
		Release|Any CPU = Release|Any CPU
	EndGlobalSection
	GlobalSection(ProjectConfigurationPlatforms) = postSolution
		{3D9396C4-0E11-4EB3-9B9F-0D39E64DC70B}.Debug|Any CPU.ActiveCfg = Debug|Any CPU
		{3D9396C4-0E11-4EB3-9B9F-0D39E64DC70B}.Debug|Any CPU.Build.0 = Debug|Any CPU
		{3D9396C4-0E11-4EB3-9B9F-0D39E64DC70B}.Release|Any CPU.ActiveCfg = Release|Any CPU
		{3D9396C4-0E11-4EB3-9B9F-0D39E64DC70B}.Release|Any CPU.Build.0 = Release|Any CPU
		{5C707CD1-81D9-4E1E-8DEA-660DA3E67B04}.Debug|Any CPU.ActiveCfg = Debug|Any CPU
		{5C707CD1-81D9-4E1E-8DEA-660DA3E67B04}.Debug|Any CPU.Build.0 = Debug|Any CPU
		{5C707CD1-81D9-4E1E-8DEA-660DA3E67B04}.Release|Any CPU.ActiveCfg = Release|Any CPU
		{5C707CD1-81D9-4E1E-8DEA-660DA3E67B04}.Release|Any CPU.Build.0 = Release|Any CPU
	EndGlobalSection
	GlobalSection(SolutionProperties) = preSolution
		HideSolutionNode = FALSE
	EndGlobalSection
	GlobalSection(ExtensibilityGlobals) = postSolution
		SolutionGuid = {9261C119-6D3D-4A95-8D06-9E83BA757C0C}
	EndGlobalSection
EndGlobal
